PODS:
  - Nimble (6.0.1)
  - Quick (1.1.0)
  - RxBlocking (3.3.1):
    - RxSwift (~> 3.3)
  - RxCocoa (3.3.1):
    - RxSwift (~> 3.3)
  - RxSwift (3.3.1)
  - RxTest (3.3.1):
    - RxSwift (~> 3.3)

DEPENDENCIES:
  - Nimble
  - Quick
  - RxBlocking
  - RxCocoa
  - RxSwift
  - RxTest

SPEC CHECKSUMS:
  Nimble: 1527fd1bd2b4cf0636251a36bc8ab37e81da8347
  Quick: dafc587e21eed9f4cab3249b9f9015b0b7a7f71d
  RxBlocking: c5918ecb86b8c205a8ccc6d1ff2abb338ddc50a0
  RxCocoa: 7dcb7a1860fc9cd0e23dae67ab105fc2916670b6
  RxSwift: 8fc9f2de6275a9101d518444e00bf32f1a42caac
  RxTest: f4e7360033fafa743f2f85097efa958402ed442a

PODFILE CHECKSUM: 3c2756616d4edc1183085468cd8106e94f531e67

COCOAPODS: 1.2.0
