// !$*UTF8*$!
{
	archiveVersion = 1;
	classes = {
	};
	objectVersion = 46;
	objects = {

/* Begin PBXBuildFile section */
		490017B11EA4815100953B90 /* AppDelegate.swift in Sources */ = {isa = PBXBuildFile; fileRef = 490017B01EA4815100953B90 /* AppDelegate.swift */; };
		490017B31EA4815100953B90 /* ViewController.swift in Sources */ = {isa = PBXBuildFile; fileRef = 490017B21EA4815100953B90 /* ViewController.swift */; };
		490017B61EA4815100953B90 /* Main.storyboard in Resources */ = {isa = PBXBuildFile; fileRef = 490017B41EA4815100953B90 /* Main.storyboard */; };
		490017B81EA4815100953B90 /* Assets.xcassets in Resources */ = {isa = PBXBuildFile; fileRef = 490017B71EA4815100953B90 /* Assets.xcassets */; };
		490017BB1EA4815100953B90 /* LaunchScreen.storyboard in Resources */ = {isa = PBXBuildFile; fileRef = 490017B91EA4815100953B90 /* LaunchScreen.storyboard */; };
/* End PBXBuildFile section */

/* Begin PBXFileReference section */
		490017AD1EA4815100953B90 /* MVVM-RxSwift-Example.app */ = {isa = PBXFileReference; explicitFileType = wrapper.application; includeInIndex = 0; path = "MVVM-RxSwift-Example.app"; sourceTree = BUILT_PRODUCTS_DIR; };
		490017B01EA4815100953B90 /* AppDelegate.swift */ = {isa = PBXFileReference; lastKnownFileType = sourcecode.swift; path = AppDelegate.swift; sourceTree = "<group>"; };
		490017B21EA4815100953B90 /* ViewController.swift */ = {isa = PBXFileReference; lastKnownFileType = sourcecode.swift; path = ViewController.swift; sourceTree = "<group>"; };
		490017B51EA4815100953B90 /* Base */ = {isa = PBXFileReference; lastKnownFileType = file.storyboard; name = Base; path = Base.lproj/Main.storyboard; sourceTree = "<group>"; };
		490017B71EA4815100953B90 /* Assets.xcassets */ = {isa = PBXFileReference; lastKnownFileType = folder.assetcatalog; path = Assets.xcassets; sourceTree = "<group>"; };
		490017BA1EA4815100953B90 /* Base */ = {isa = PBXFileReference; lastKnownFileType = file.storyboard; name = Base; path = Base.lproj/LaunchScreen.storyboard; sourceTree = "<group>"; };
		490017BC1EA4815200953B90 /* Info.plist */ = {isa = PBXFileReference; lastKnownFileType = text.plist.xml; path = Info.plist; sourceTree = "<group>"; };
/* End PBXFileReference section */

/* Begin PBXFrameworksBuildPhase section */
		490017AA1EA4815100953B90 /* Frameworks */ = {
			isa = PBXFrameworksBuildPhase;
			buildActionMask = 2147483647;
			files = (
			);
			runOnlyForDeploymentPostprocessing = 0;
		};
/* End PBXFrameworksBuildPhase section */

/* Begin PBXGroup section */
		490017A41EA4815100953B90 = {
			isa = PBXGroup;
			children = (
				490017AF1EA4815100953B90 /* MVVM-RxSwift-Example */,
				490017AE1EA4815100953B90 /* Products */,
			);
			sourceTree = "<group>";
		};
		490017AE1EA4815100953B90 /* Products */ = {
			isa = PBXGroup;
			children = (
				490017AD1EA4815100953B90 /* MVVM-RxSwift-Example.app */,
			);
			name = Products;
			sourceTree = "<group>";
		};
		490017AF1EA4815100953B90 /* MVVM-RxSwift-Example */ = {
			isa = PBXGroup;
			children = (
				490017B01EA4815100953B90 /* AppDelegate.swift */,
				490017B21EA4815100953B90 /* ViewController.swift */,
				490017B41EA4815100953B90 /* Main.storyboard */,
				490017B71EA4815100953B90 /* Assets.xcassets */,
				490017B91EA4815100953B90 /* LaunchScreen.storyboard */,
				490017BC1EA4815200953B90 /* Info.plist */,
			);
			path = "MVVM-RxSwift-Example";
			sourceTree = "<group>";
		};
/* End PBXGroup section */

/* Begin PBXNativeTarget section */
		490017AC1EA4815100953B90 /* MVVM-RxSwift-Example */ = {
			isa = PBXNativeTarget;
			buildConfigurationList = 490017BF1EA4815200953B90 /* Build configuration list for PBXNativeTarget "MVVM-RxSwift-Example" */;
			buildPhases = (
				490017A91EA4815100953B90 /* Sources */,
				490017AA1EA4815100953B90 /* Frameworks */,
				490017AB1EA4815100953B90 /* Resources */,
			);
			buildRules = (
			);
			dependencies = (
			);
			name = "MVVM-RxSwift-Example";
			productName = "MVVM-RxSwift-Example";
			productReference = 490017AD1EA4815100953B90 /* MVVM-RxSwift-Example.app */;
			productType = "com.apple.product-type.application";
		};
/* End PBXNativeTarget section */

/* Begin PBXProject section */
		490017A51EA4815100953B90 /* Project object */ = {
			isa = PBXProject;
			attributes = {
				LastSwiftUpdateCheck = 0830;
				LastUpgradeCheck = 0830;
				ORGANIZATIONNAME = Calibarna;
				TargetAttributes = {
					490017AC1EA4815100953B90 = {
						CreatedOnToolsVersion = 8.3.1;
						DevelopmentTeam = HZ7742VQY3;
						ProvisioningStyle = Automatic;
					};
				};
			};
			buildConfigurationList = 490017A81EA4815100953B90 /* Build configuration list for PBXProject "MVVM-RxSwift-Example" */;
			compatibilityVersion = "Xcode 3.2";
			developmentRegion = English;
			hasScannedForEncodings = 0;
			knownRegions = (
				en,
				Base,
			);
			mainGroup = 490017A41EA4815100953B90;
			productRefGroup = 490017AE1EA4815100953B90 /* Products */;
			projectDirPath = "";
			projectRoot = "";
			targets = (
				490017AC1EA4815100953B90 /* MVVM-RxSwift-Example */,
			);
		};
/* End PBXProject section */

/* Begin PBXResourcesBuildPhase section */
		490017AB1EA4815100953B90 /* Resources */ = {
			isa = PBXResourcesBuildPhase;
			buildActionMask = 2147483647;
			files = (
				490017BB1EA4815100953B90 /* LaunchScreen.storyboard in Resources */,
				490017B81EA4815100953B90 /* Assets.xcassets in Resources */,
				490017B61EA4815100953B90 /* Main.storyboard in Resources */,
			);
			runOnlyForDeploymentPostprocessing = 0;
		};
/* End PBXResourcesBuildPhase section */

/* Begin PBXSourcesBuildPhase section */
		490017A91EA4815100953B90 /* Sources */ = {
			isa = PBXSourcesBuildPhase;
			buildActionMask = 2147483647;
			files = (
				490017B31EA4815100953B90 /* ViewController.swift in Sources */,
				490017B11EA4815100953B90 /* AppDelegate.swift in Sources */,
			);
			runOnlyForDeploymentPostprocessing = 0;
		};
/* End PBXSourcesBuildPhase section */

/* Begin PBXVariantGroup section */
		490017B41EA4815100953B90 /* Main.storyboard */ = {
			isa = PBXVariantGroup;
			children = (
				490017B51EA4815100953B90 /* Base */,
			);
			name = Main.storyboard;
			sourceTree = "<group>";
		};
		490017B91EA4815100953B90 /* LaunchScreen.storyboard */ = {
			isa = PBXVariantGroup;
			children = (
				490017BA1EA4815100953B90 /* Base */,
			);
			name = LaunchScreen.storyboard;
			sourceTree = "<group>";
		};
/* End PBXVariantGroup section */

/* Begin XCBuildConfiguration section */
		490017BD1EA4815200953B90 /* Debug */ = {
			isa = XCBuildConfiguration;
			buildSettings = {
				ALWAYS_SEARCH_USER_PATHS = NO;
				CLANG_ANALYZER_NONNULL = YES;
				CLANG_ANALYZER_NUMBER_OBJECT_CONVERSION = YES_AGGRESSIVE;
				CLANG_CXX_LANGUAGE_STANDARD = "gnu++0x";
				CLANG_CXX_LIBRARY = "libc++";
				CLANG_ENABLE_MODULES = YES;
				CLANG_ENABLE_OBJC_ARC = YES;
				CLANG_WARN_BOOL_CONVERSION = YES;
				CLANG_WARN_CONSTANT_CONVERSION = YES;
				CLANG_WARN_DIRECT_OBJC_ISA_USAGE = YES_ERROR;
				CLANG_WARN_DOCUMENTATION_COMMENTS = YES;
				CLANG_WARN_EMPTY_BODY = YES;
				CLANG_WARN_ENUM_CONVERSION = YES;
				CLANG_WARN_INFINITE_RECURSION = YES;
				CLANG_WARN_INT_CONVERSION = YES;
				CLANG_WARN_OBJC_ROOT_CLASS = YES_ERROR;
				CLANG_WARN_SUSPICIOUS_MOVE = YES;
				CLANG_WARN_UNREACHABLE_CODE = YES;
				CLANG_WARN__DUPLICATE_METHOD_MATCH = YES;
				"CODE_SIGN_IDENTITY[sdk=iphoneos*]" = "iPhone Developer";
				COPY_PHASE_STRIP = NO;
				DEBUG_INFORMATION_FORMAT = dwarf;
				ENABLE_STRICT_OBJC_MSGSEND = YES;
				ENABLE_TESTABILITY = YES;
				GCC_C_LANGUAGE_STANDARD = gnu99;
				GCC_DYNAMIC_NO_PIC = NO;
				GCC_NO_COMMON_BLOCKS = YES;
				GCC_OPTIMIZATION_LEVEL = 0;
				GCC_PREPROCESSOR_DEFINITIONS = (
					"DEBUG=1",
					"$(inherited)",
				);
				GCC_WARN_64_TO_32_BIT_CONVERSION = YES;
				GCC_WARN_ABOUT_RETURN_TYPE = YES_ERROR;
				GCC_WARN_UNDECLARED_SELECTOR = YES;
				GCC_WARN_UNINITIALIZED_AUTOS = YES_AGGRESSIVE;
				GCC_WARN_UNUSED_FUNCTION = YES;
				GCC_WARN_UNUSED_VARIABLE = YES;
				IPHONEOS_DEPLOYMENT_TARGET = 10.3;
				MTL_ENABLE_DEBUG_INFO = YES;
				ONLY_ACTIVE_ARCH = YES;
				SDKROOT = iphoneos;
				SWIFT_ACTIVE_COMPILATION_CONDITIONS = DEBUG;
				SWIFT_OPTIMIZATION_LEVEL = "-Onone";
			};
			name = Debug;
		};
		490017BE1EA4815200953B90 /* Release */ = {
			isa = XCBuildConfiguration;
			buildSettings = {
				ALWAYS_SEARCH_USER_PATHS = NO;
				CLANG_ANALYZER_NONNULL = YES;
				CLANG_ANALYZER_NUMBER_OBJECT_CONVERSION = YES_AGGRESSIVE;
				CLANG_CXX_LANGUAGE_STANDARD = "gnu++0x";
				CLANG_CXX_LIBRARY = "libc++";
				CLANG_ENABLE_MODULES = YES;
				CLANG_ENABLE_OBJC_ARC = YES;
				CLANG_WARN_BOOL_CONVERSION = YES;
				CLANG_WARN_CONSTANT_CONVERSION = YES;
				CLANG_WARN_DIRECT_OBJC_ISA_USAGE = YES_ERROR;
				CLANG_WARN_DOCUMENTATION_COMMENTS = YES;
				CLANG_WARN_EMPTY_BODY = YES;
				CLANG_WARN_ENUM_CONVERSION = YES;
				CLANG_WARN_INFINITE_RECURSION = YES;
				CLANG_WARN_INT_CONVERSION = YES;
				CLANG_WARN_OBJC_ROOT_CLASS = YES_ERROR;
				CLANG_WARN_SUSPICIOUS_MOVE = YES;
				CLANG_WARN_UNREACHABLE_CODE = YES;
				CLANG_WARN__DUPLICATE_METHOD_MATCH = YES;
				"CODE_SIGN_IDENTITY[sdk=iphoneos*]" = "iPhone Developer";
				COPY_PHASE_STRIP = NO;
				DEBUG_INFORMATION_FORMAT = "dwarf-with-dsym";
				ENABLE_NS_ASSERTIONS = NO;
				ENABLE_STRICT_OBJC_MSGSEND = YES;
				GCC_C_LANGUAGE_STANDARD = gnu99;
				GCC_NO_COMMON_BLOCKS = YES;
				GCC_WARN_64_TO_32_BIT_CONVERSION = YES;
				GCC_WARN_ABOUT_RETURN_TYPE = YES_ERROR;
				GCC_WARN_UNDECLARED_SELECTOR = YES;
				GCC_WARN_UNINITIALIZED_AUTOS = YES_AGGRESSIVE;
				GCC_WARN_UNUSED_FUNCTION = YES;
				GCC_WARN_UNUSED_VARIABLE = YES;
				IPHONEOS_DEPLOYMENT_TARGET = 10.3;
				MTL_ENABLE_DEBUG_INFO = NO;
				SDKROOT = iphoneos;
				SWIFT_OPTIMIZATION_LEVEL = "-Owholemodule";
				VALIDATE_PRODUCT = YES;
			};
			name = Release;
		};
		490017C01EA4815200953B90 /* Debug */ = {
			isa = XCBuildConfiguration;
			buildSettings = {
				ASSETCATALOG_COMPILER_APPICON_NAME = AppIcon;
				DEVELOPMENT_TEAM = HZ7742VQY3;
				INFOPLIST_FILE = "MVVM-RxSwift-Example/Info.plist";
				LD_RUNPATH_SEARCH_PATHS = "$(inherited) @executable_path/Frameworks";
				PRODUCT_BUNDLE_IDENTIFIER = "com.calibarna.MVVM-RxSwift-Example";
				PRODUCT_NAME = "$(TARGET_NAME)";
				SWIFT_VERSION = 3.0;
			};
			name = Debug;
		};
		490017C11EA4815200953B90 /* Release */ = {
			isa = XCBuildConfiguration;
			buildSettings = {
				ASSETCATALOG_COMPILER_APPICON_NAME = AppIcon;
				DEVELOPMENT_TEAM = HZ7742VQY3;
				INFOPLIST_FILE = "MVVM-RxSwift-Example/Info.plist";
				LD_RUNPATH_SEARCH_PATHS = "$(inherited) @executable_path/Frameworks";
				PRODUCT_BUNDLE_IDENTIFIER = "com.calibarna.MVVM-RxSwift-Example";
				PRODUCT_NAME = "$(TARGET_NAME)";
				SWIFT_VERSION = 3.0;
			};
			name = Release;
		};
/* End XCBuildConfiguration section */

/* Begin XCConfigurationList section */
		490017A81EA4815100953B90 /* Build configuration list for PBXProject "MVVM-RxSwift-Example" */ = {
			isa = XCConfigurationList;
			buildConfigurations = (
				490017BD1EA4815200953B90 /* Debug */,
				490017BE1EA4815200953B90 /* Release */,
			);
			defaultConfigurationIsVisible = 0;
			defaultConfigurationName = Release;
		};
		490017BF1EA4815200953B90 /* Build configuration list for PBXNativeTarget "MVVM-RxSwift-Example" */ = {
			isa = XCConfigurationList;
			buildConfigurations = (
				490017C01EA4815200953B90 /* Debug */,
				490017C11EA4815200953B90 /* Release */,
			);
			defaultConfigurationIsVisible = 0;
		};
/* End XCConfigurationList section */
	};
	rootObject = 490017A51EA4815100953B90 /* Project object */;
}
